
Microsoft Visual Studio Solution File, Format Version 12.00
# Visual Studio Version 16
VisualStudioVersion = 16.0.32002.261
MinimumVisualStudioVersion = 10.0.40219.1
Project("{FAE04EC0-301F-11D3-BF4B-00C04F79EFBC}") = "Product every other elements", "Product every other elements\Product every other elements.csproj", "{64352BE3-91D8-4607-84C9-443B82403360}"
EndProject
Global
	GlobalSection(SolutionConfigurationPlatforms) = preSolution
		Debug|Any CPU = Debug|Any CPU
		Release|Any CPU = Release|Any CPU
	EndGlobalSection
	GlobalSection(ProjectConfigurationPlatforms) = postSolution
		{64352BE3-91D8-4607-84C9-443B82403360}.Debug|Any CPU.ActiveCfg = Debug|Any CPU
		{64352BE3-91D8-4607-84C9-443B82403360}.Debug|Any CPU.Build.0 = Debug|Any CPU
		{64352BE3-91D8-4607-84C9-443B82403360}.Release|Any CPU.ActiveCfg = Release|Any CPU
		{64352BE3-91D8-4607-84C9-443B82403360}.Release|Any CPU.Build.0 = Release|Any CPU
	EndGlobalSection
	GlobalSection(SolutionProperties) = preSolution
		HideSolutionNode = FALSE
	EndGlobalSection
	GlobalSection(ExtensibilityGlobals) = postSolution
		SolutionGuid = {22194FE5-BAEC-40B5-9B94-1ECF4D84AEA8}
	EndGlobalSection
EndGlobal
